// !$*UTF8*$!
{
	archiveVersion = 1;
	classes = {
	};
	objectVersion = 77;
	objects = {

/* Begin PBXContainerItemProxy section */
		D5B3D3DF2DB8B7F500A82932 /* PBXContainerItemProxy */ = {
			isa = PBXContainerItemProxy;
			containerPortal = D5B3D3C92DB8B7F100A82932 /* Project object */;
			proxyType = 1;
			remoteGlobalIDString = D5B3D3D02DB8B7F100A82932;
			remoteInfo = PixelClock;
		};
		D5B3D3E92DB8B7F500A82932 /* PBXContainerItemProxy */ = {
			isa = PBXContainerItemProxy;
			containerPortal = D5B3D3C92DB8B7F100A82932 /* Project object */;
			proxyType = 1;
			remoteGlobalIDString = D5B3D3D02DB8B7F100A82932;
			remoteInfo = PixelClock;
		};
/* End PBXContainerItemProxy section */

/* Begin PBXFileReference section */
		D5B3D3D12DB8B7F100A82932 /* PixelClock.app */ = {isa = PBXFileReference; explicitFileType = wrapper.application; includeInIndex = 0; path = PixelClock.app; sourceTree = BUILT_PRODUCTS_DIR; };
		D5B3D3DE2DB8B7F500A82932 /* PixelClockTests.xctest */ = {isa = PBXFileReference; explicitFileType = wrapper.cfbundle; includeInIndex = 0; path = PixelClockTests.xctest; sourceTree = BUILT_PRODUCTS_DIR; };
		D5B3D3E82DB8B7F500A82932 /* PixelClockUITests.xctest */ = {isa = PBXFileReference; explicitFileType = wrapper.cfbundle; includeInIndex = 0; path = PixelClockUITests.xctest; sourceTree = BUILT_PRODUCTS_DIR; };
/* End PBXFileReference section */

/* Begin PBXFileSystemSynchronizedRootGroup section */
		D5B3D3D32DB8B7F100A82932 /* PixelClock */ = {
			isa = PBXFileSystemSynchronizedRootGroup;
			path = PixelClock;
			sourceTree = "<group>";
		};
		D5B3D3E12DB8B7F500A82932 /* PixelClockTests */ = {
			isa = PBXFileSystemSynchronizedRootGroup;
			path = PixelClockTests;
			sourceTree = "<group>";
		};
		D5B3D3EB2DB8B7F500A82932 /* PixelClockUITests */ = {
			isa = PBXFileSystemSynchronizedRootGroup;
			path = PixelClockUITests;
			sourceTree = "<group>";
		};
/* End PBXFileSystemSynchronizedRootGroup section */

/* Begin PBXFrameworksBuildPhase section */
		D5B3D3CE2DB8B7F100A82932 /* Frameworks */ = {
			isa = PBXFrameworksBuildPhase;
			buildActionMask = 2147483647;
			files = (
			);
			runOnlyForDeploymentPostprocessing = 0;
		};
		D5B3D3DB2DB8B7F500A82932 /* Frameworks */ = {
			isa = PBXFrameworksBuildPhase;
			buildActionMask = 2147483647;
			files = (
			);
			runOnlyForDeploymentPostprocessing = 0;
		};
		D5B3D3E52DB8B7F500A82932 /* Frameworks */ = {
			isa = PBXFrameworksBuildPhase;
			buildActionMask = 2147483647;
			files = (
			);
			runOnlyForDeploymentPostprocessing = 0;
		};
/* End PBXFrameworksBuildPhase section */

/* Begin PBXGroup section */
		D5B3D3C82DB8B7F100A82932 = {
			isa = PBXGroup;
			children = (
				D5B3D3D32DB8B7F100A82932 /* PixelClock */,
				D5B3D3E12DB8B7F500A82932 /* PixelClockTests */,
				D5B3D3EB2DB8B7F500A82932 /* PixelClockUITests */,
				D5B3D3D22DB8B7F100A82932 /* Products */,
			);
			sourceTree = "<group>";
		};
		D5B3D3D22DB8B7F100A82932 /* Products */ = {
			isa = PBXGroup;
			children = (
				D5B3D3D12DB8B7F100A82932 /* PixelClock.app */,
				D5B3D3DE2DB8B7F500A82932 /* PixelClockTests.xctest */,
				D5B3D3E82DB8B7F500A82932 /* PixelClockUITests.xctest */,
			);
			name = Products;
			sourceTree = "<group>";
		};
/* End PBXGroup section */

/* Begin PBXNativeTarget section */
		D5B3D3D02DB8B7F100A82932 /* PixelClock */ = {
			isa = PBXNativeTarget;
			buildConfigurationList = D5B3D3F22DB8B7F500A82932 /* Build configuration list for PBXNativeTarget "PixelClock" */;
			buildPhases = (
				D5B3D3CD2DB8B7F100A82932 /* Sources */,
				D5B3D3CE2DB8B7F100A82932 /* Frameworks */,
				D5B3D3CF2DB8B7F100A82932 /* Resources */,
			);
			buildRules = (
			);
			dependencies = (
			);
			fileSystemSynchronizedGroups = (
				D5B3D3D32DB8B7F100A82932 /* PixelClock */,
			);
			name = PixelClock;
			packageProductDependencies = (
			);
			productName = PixelClock;
			productReference = D5B3D3D12DB8B7F100A82932 /* PixelClock.app */;
			productType = "com.apple.product-type.application";
		};
		D5B3D3DD2DB8B7F500A82932 /* PixelClockTests */ = {
			isa = PBXNativeTarget;
			buildConfigurationList = D5B3D3F52DB8B7F500A82932 /* Build configuration list for PBXNativeTarget "PixelClockTests" */;
			buildPhases = (
				D5B3D3DA2DB8B7F500A82932 /* Sources */,
				D5B3D3DB2DB8B7F500A82932 /* Frameworks */,
				D5B3D3DC2DB8B7F500A82932 /* Resources */,
			);
			buildRules = (
			);
			dependencies = (
				D5B3D3E02DB8B7F500A82932 /* PBXTargetDependency */,
			);
			fileSystemSynchronizedGroups = (
				D5B3D3E12DB8B7F500A82932 /* PixelClockTests */,
			);
			name = PixelClockTests;
			packageProductDependencies = (
			);
			productName = PixelClockTests;
			productReference = D5B3D3DE2DB8B7F500A82932 /* PixelClockTests.xctest */;
			productType = "com.apple.product-type.bundle.unit-test";
		};
		D5B3D3E72DB8B7F500A82932 /* PixelClockUITests */ = {
			isa = PBXNativeTarget;
			buildConfigurationList = D5B3D3F82DB8B7F500A82932 /* Build configuration list for PBXNativeTarget "PixelClockUITests" */;
			buildPhases = (
				D5B3D3E42DB8B7F500A82932 /* Sources */,
				D5B3D3E52DB8B7F500A82932 /* Frameworks */,
				D5B3D3E62DB8B7F500A82932 /* Resources */,
			);
			buildRules = (
			);
			dependencies = (
				D5B3D3EA2DB8B7F500A82932 /* PBXTargetDependency */,
			);
			fileSystemSynchronizedGroups = (
				D5B3D3EB2DB8B7F500A82932 /* PixelClockUITests */,
			);
			name = PixelClockUITests;
			packageProductDependencies = (
			);
			productName = PixelClockUITests;
			productReference = D5B3D3E82DB8B7F500A82932 /* PixelClockUITests.xctest */;
			productType = "com.apple.product-type.bundle.ui-testing";
		};
/* End PBXNativeTarget section */

/* Begin PBXProject section */
		D5B3D3C92DB8B7F100A82932 /* Project object */ = {
			isa = PBXProject;
			attributes = {
				BuildIndependentTargetsInParallel = 1;
				LastSwiftUpdateCheck = 1630;
				LastUpgradeCheck = 1630;
				TargetAttributes = {
					D5B3D3D02DB8B7F100A82932 = {
						CreatedOnToolsVersion = 16.3;
					};
					D5B3D3DD2DB8B7F500A82932 = {
						CreatedOnToolsVersion = 16.3;
						TestTargetID = D5B3D3D02DB8B7F100A82932;
					};
					D5B3D3E72DB8B7F500A82932 = {
						CreatedOnToolsVersion = 16.3;
						TestTargetID = D5B3D3D02DB8B7F100A82932;
					};
				};
			};
			buildConfigurationList = D5B3D3CC2DB8B7F100A82932 /* Build configuration list for PBXProject "PixelClock" */;
			developmentRegion = en;
			hasScannedForEncodings = 0;
			knownRegions = (
				en,
				Base,
			);
			mainGroup = D5B3D3C82DB8B7F100A82932;
			minimizedProjectReferenceProxies = 1;
			preferredProjectObjectVersion = 77;
			productRefGroup = D5B3D3D22DB8B7F100A82932 /* Products */;
			projectDirPath = "";
			projectRoot = "";
			targets = (
				D5B3D3D02DB8B7F100A82932 /* PixelClock */,
				D5B3D3DD2DB8B7F500A82932 /* PixelClockTests */,
				D5B3D3E72DB8B7F500A82932 /* PixelClockUITests */,
			);
		};
/* End PBXProject section */

/* Begin PBXResourcesBuildPhase section */
		D5B3D3CF2DB8B7F100A82932 /* Resources */ = {
			isa = PBXResourcesBuildPhase;
			buildActionMask = 2147483647;
			files = (
			);
			runOnlyForDeploymentPostprocessing = 0;
		};
		D5B3D3DC2DB8B7F500A82932 /* Resources */ = {
			isa = PBXResourcesBuildPhase;
			buildActionMask = 2147483647;
			files = (
			);
			runOnlyForDeploymentPostprocessing = 0;
		};
		D5B3D3E62DB8B7F500A82932 /* Resources */ = {
			isa = PBXResourcesBuildPhase;
			buildActionMask = 2147483647;
			files = (
			);
			runOnlyForDeploymentPostprocessing = 0;
		};
/* End PBXResourcesBuildPhase section */

/* Begin PBXSourcesBuildPhase section */
		D5B3D3CD2DB8B7F100A82932 /* Sources */ = {
			isa = PBXSourcesBuildPhase;
			buildActionMask = 2147483647;
			files = (
			);
			runOnlyForDeploymentPostprocessing = 0;
		};
		D5B3D3DA2DB8B7F500A82932 /* Sources */ = {
			isa = PBXSourcesBuildPhase;
			buildActionMask = 2147483647;
			files = (
			);
			runOnlyForDeploymentPostprocessing = 0;
		};
		D5B3D3E42DB8B7F500A82932 /* Sources */ = {
			isa = PBXSourcesBuildPhase;
			buildActionMask = 2147483647;
			files = (
			);
			runOnlyForDeploymentPostprocessing = 0;
		};
/* End PBXSourcesBuildPhase section */

/* Begin PBXTargetDependency section */
		D5B3D3E02DB8B7F500A82932 /* PBXTargetDependency */ = {
			isa = PBXTargetDependency;
			target = D5B3D3D02DB8B7F100A82932 /* PixelClock */;
			targetProxy = D5B3D3DF2DB8B7F500A82932 /* PBXContainerItemProxy */;
		};
		D5B3D3EA2DB8B7F500A82932 /* PBXTargetDependency */ = {
			isa = PBXTargetDependency;
			target = D5B3D3D02DB8B7F100A82932 /* PixelClock */;
			targetProxy = D5B3D3E92DB8B7F500A82932 /* PBXContainerItemProxy */;
		};
/* End PBXTargetDependency section */

/* Begin XCBuildConfiguration section */
		D5B3D3F02DB8B7F500A82932 /* Debug */ = {
			isa = XCBuildConfiguration;
			buildSettings = {
				ALWAYS_SEARCH_USER_PATHS = NO;
				ASSETCATALOG_COMPILER_GENERATE_SWIFT_ASSET_SYMBOL_EXTENSIONS = YES;
				CLANG_ANALYZER_NONNULL = YES;
				CLANG_ANALYZER_NUMBER_OBJECT_CONVERSION = YES_AGGRESSIVE;
				CLANG_CXX_LANGUAGE_STANDARD = "gnu++20";
				CLANG_ENABLE_MODULES = YES;
				CLANG_ENABLE_OBJC_ARC = YES;
				CLANG_ENABLE_OBJC_WEAK = YES;
				CLANG_WARN_BLOCK_CAPTURE_AUTORELEASING = YES;
				CLANG_WARN_BOOL_CONVERSION = YES;
				CLANG_WARN_COMMA = YES;
				CLANG_WARN_CONSTANT_CONVERSION = YES;
				CLANG_WARN_DEPRECATED_OBJC_IMPLEMENTATIONS = YES;
				CLANG_WARN_DIRECT_OBJC_ISA_USAGE = YES_ERROR;
				CLANG_WARN_DOCUMENTATION_COMMENTS = YES;
				CLANG_WARN_EMPTY_BODY = YES;
				CLANG_WARN_ENUM_CONVERSION = YES;
				CLANG_WARN_INFINITE_RECURSION = YES;
				CLANG_WARN_INT_CONVERSION = YES;
				CLANG_WARN_NON_LITERAL_NULL_CONVERSION = YES;
				CLANG_WARN_OBJC_IMPLICIT_RETAIN_SELF = YES;
				CLANG_WARN_OBJC_LITERAL_CONVERSION = YES;
				CLANG_WARN_OBJC_ROOT_CLASS = YES_ERROR;
				CLANG_WARN_QUOTED_INCLUDE_IN_FRAMEWORK_HEADER = YES;
				CLANG_WARN_RANGE_LOOP_ANALYSIS = YES;
				CLANG_WARN_STRICT_PROTOTYPES = YES;
				CLANG_WARN_SUSPICIOUS_MOVE = YES;
				CLANG_WARN_UNGUARDED_AVAILABILITY = YES_AGGRESSIVE;
				CLANG_WARN_UNREACHABLE_CODE = YES;
				CLANG_WARN__DUPLICATE_METHOD_MATCH = YES;
				COPY_PHASE_STRIP = NO;
				DEBUG_INFORMATION_FORMAT = dwarf;
				ENABLE_STRICT_OBJC_MSGSEND = YES;
				ENABLE_TESTABILITY = YES;
				ENABLE_USER_SCRIPT_SANDBOXING = YES;
				GCC_C_LANGUAGE_STANDARD = gnu17;
				GCC_DYNAMIC_NO_PIC = NO;
				GCC_NO_COMMON_BLOCKS = YES;
				GCC_OPTIMIZATION_LEVEL = 0;
				GCC_PREPROCESSOR_DEFINITIONS = (
					"DEBUG=1",
					"$(inherited)",
				);
				GCC_WARN_64_TO_32_BIT_CONVERSION = YES;
				GCC_WARN_ABOUT_RETURN_TYPE = YES_ERROR;
				GCC_WARN_UNDECLARED_SELECTOR = YES;
				GCC_WARN_UNINITIALIZED_AUTOS = YES_AGGRESSIVE;
				GCC_WARN_UNUSED_FUNCTION = YES;
				GCC_WARN_UNUSED_VARIABLE = YES;
				IPHONEOS_DEPLOYMENT_TARGET = 18.4;
				LOCALIZATION_PREFERS_STRING_CATALOGS = YES;
				MTL_ENABLE_DEBUG_INFO = INCLUDE_SOURCE;
				MTL_FAST_MATH = YES;
				ONLY_ACTIVE_ARCH = YES;
				SDKROOT = iphoneos;
				SWIFT_ACTIVE_COMPILATION_CONDITIONS = "DEBUG $(inherited)";
				SWIFT_OPTIMIZATION_LEVEL = "-Onone";
			};
			name = Debug;
		};
		D5B3D3F12DB8B7F500A82932 /* Release */ = {
			isa = XCBuildConfiguration;
			buildSettings = {
				ALWAYS_SEARCH_USER_PATHS = NO;
				ASSETCATALOG_COMPILER_GENERATE_SWIFT_ASSET_SYMBOL_EXTENSIONS = YES;
				CLANG_ANALYZER_NONNULL = YES;
				CLANG_ANALYZER_NUMBER_OBJECT_CONVERSION = YES_AGGRESSIVE;
				CLANG_CXX_LANGUAGE_STANDARD = "gnu++20";
				CLANG_ENABLE_MODULES = YES;
				CLANG_ENABLE_OBJC_ARC = YES;
				CLANG_ENABLE_OBJC_WEAK = YES;
				CLANG_WARN_BLOCK_CAPTURE_AUTORELEASING = YES;
				CLANG_WARN_BOOL_CONVERSION = YES;
				CLANG_WARN_COMMA = YES;
				CLANG_WARN_CONSTANT_CONVERSION = YES;
				CLANG_WARN_DEPRECATED_OBJC_IMPLEMENTATIONS = YES;
				CLANG_WARN_DIRECT_OBJC_ISA_USAGE = YES_ERROR;
				CLANG_WARN_DOCUMENTATION_COMMENTS = YES;
				CLANG_WARN_EMPTY_BODY = YES;
				CLANG_WARN_ENUM_CONVERSION = YES;
				CLANG_WARN_INFINITE_RECURSION = YES;
				CLANG_WARN_INT_CONVERSION = YES;
				CLANG_WARN_NON_LITERAL_NULL_CONVERSION = YES;
				CLANG_WARN_OBJC_IMPLICIT_RETAIN_SELF = YES;
				CLANG_WARN_OBJC_LITERAL_CONVERSION = YES;
				CLANG_WARN_OBJC_ROOT_CLASS = YES_ERROR;
				CLANG_WARN_QUOTED_INCLUDE_IN_FRAMEWORK_HEADER = YES;
				CLANG_WARN_RANGE_LOOP_ANALYSIS = YES;
				CLANG_WARN_STRICT_PROTOTYPES = YES;
				CLANG_WARN_SUSPICIOUS_MOVE = YES;
				CLANG_WARN_UNGUARDED_AVAILABILITY = YES_AGGRESSIVE;
				CLANG_WARN_UNREACHABLE_CODE = YES;
				CLANG_WARN__DUPLICATE_METHOD_MATCH = YES;
				COPY_PHASE_STRIP = NO;
				DEBUG_INFORMATION_FORMAT = "dwarf-with-dsym";
				ENABLE_NS_ASSERTIONS = NO;
				ENABLE_STRICT_OBJC_MSGSEND = YES;
				ENABLE_USER_SCRIPT_SANDBOXING = YES;
				GCC_C_LANGUAGE_STANDARD = gnu17;
				GCC_NO_COMMON_BLOCKS = YES;
				GCC_WARN_64_TO_32_BIT_CONVERSION = YES;
				GCC_WARN_ABOUT_RETURN_TYPE = YES_ERROR;
				GCC_WARN_UNDECLARED_SELECTOR = YES;
				GCC_WARN_UNINITIALIZED_AUTOS = YES_AGGRESSIVE;
				GCC_WARN_UNUSED_FUNCTION = YES;
				GCC_WARN_UNUSED_VARIABLE = YES;
				IPHONEOS_DEPLOYMENT_TARGET = 18.4;
				LOCALIZATION_PREFERS_STRING_CATALOGS = YES;
				MTL_ENABLE_DEBUG_INFO = NO;
				MTL_FAST_MATH = YES;
				SDKROOT = iphoneos;
				SWIFT_COMPILATION_MODE = wholemodule;
				VALIDATE_PRODUCT = YES;
			};
			name = Release;
		};
		D5B3D3F32DB8B7F500A82932 /* Debug */ = {
			isa = XCBuildConfiguration;
			buildSettings = {
				ASSETCATALOG_COMPILER_APPICON_NAME = AppIcon;
				ASSETCATALOG_COMPILER_GLOBAL_ACCENT_COLOR_NAME = AccentColor;
				CODE_SIGN_STYLE = Automatic;
				CURRENT_PROJECT_VERSION = 1;
				ENABLE_PREVIEWS = YES;
				GENERATE_INFOPLIST_FILE = YES;
				INFOPLIST_KEY_UIApplicationSceneManifest_Generation = YES;
				INFOPLIST_KEY_UIApplicationSupportsIndirectInputEvents = YES;
				INFOPLIST_KEY_UILaunchScreen_Generation = YES;
				INFOPLIST_KEY_UISupportedInterfaceOrientations_iPad = "UIInterfaceOrientationPortrait UIInterfaceOrientationPortraitUpsideDown UIInterfaceOrientationLandscapeLeft UIInterfaceOrientationLandscapeRight";
				INFOPLIST_KEY_UISupportedInterfaceOrientations_iPhone = "UIInterfaceOrientationPortrait UIInterfaceOrientationLandscapeLeft UIInterfaceOrientationLandscapeRight";
				LD_RUNPATH_SEARCH_PATHS = (
					"$(inherited)",
					"@executable_path/Frameworks",
				);
				MARKETING_VERSION = 1.0;
				PRODUCT_BUNDLE_IDENTIFIER = com.rockstonegame.clock.PixelClock;
				PRODUCT_NAME = "$(TARGET_NAME)";
				SWIFT_EMIT_LOC_STRINGS = YES;
				SWIFT_VERSION = 5.0;
				TARGETED_DEVICE_FAMILY = "1,2";
			};
			name = Debug;
		};
		D5B3D3F42DB8B7F500A82932 /* Release */ = {
			isa = XCBuildConfiguration;
			buildSettings = {
				ASSETCATALOG_COMPILER_APPICON_NAME = AppIcon;
				ASSETCATALOG_COMPILER_GLOBAL_ACCENT_COLOR_NAME = AccentColor;
				CODE_SIGN_STYLE = Automatic;
				CURRENT_PROJECT_VERSION = 1;
				ENABLE_PREVIEWS = YES;
				GENERATE_INFOPLIST_FILE = YES;
				INFOPLIST_KEY_UIApplicationSceneManifest_Generation = YES;
				INFOPLIST_KEY_UIApplicationSupportsIndirectInputEvents = YES;
				INFOPLIST_KEY_UILaunchScreen_Generation = YES;
				INFOPLIST_KEY_UISupportedInterfaceOrientations_iPad = "UIInterfaceOrientationPortrait UIInterfaceOrientationPortraitUpsideDown UIInterfaceOrientationLandscapeLeft UIInterfaceOrientationLandscapeRight";
				INFOPLIST_KEY_UISupportedInterfaceOrientations_iPhone = "UIInterfaceOrientationPortrait UIInterfaceOrientationLandscapeLeft UIInterfaceOrientationLandscapeRight";
				LD_RUNPATH_SEARCH_PATHS = (
					"$(inherited)",
					"@executable_path/Frameworks",
				);
				MARKETING_VERSION = 1.0;
				PRODUCT_BUNDLE_IDENTIFIER = com.rockstonegame.clock.PixelClock;
				PRODUCT_NAME = "$(TARGET_NAME)";
				SWIFT_EMIT_LOC_STRINGS = YES;
				SWIFT_VERSION = 5.0;
				TARGETED_DEVICE_FAMILY = "1,2";
			};
			name = Release;
		};
		D5B3D3F62DB8B7F500A82932 /* Debug */ = {
			isa = XCBuildConfiguration;
			buildSettings = {
				BUNDLE_LOADER = "$(TEST_HOST)";
				CODE_SIGN_STYLE = Automatic;
				CURRENT_PROJECT_VERSION = 1;
				GENERATE_INFOPLIST_FILE = YES;
				IPHONEOS_DEPLOYMENT_TARGET = 18.4;
				MARKETING_VERSION = 1.0;
				PRODUCT_BUNDLE_IDENTIFIER = com.rockstonegame.clock.PixelClockTests;
				PRODUCT_NAME = "$(TARGET_NAME)";
				SWIFT_EMIT_LOC_STRINGS = NO;
				SWIFT_VERSION = 5.0;
				TARGETED_DEVICE_FAMILY = "1,2";
				TEST_HOST = "$(BUILT_PRODUCTS_DIR)/PixelClock.app/$(BUNDLE_EXECUTABLE_FOLDER_PATH)/PixelClock";
			};
			name = Debug;
		};
		D5B3D3F72DB8B7F500A82932 /* Release */ = {
			isa = XCBuildConfiguration;
			buildSettings = {
				BUNDLE_LOADER = "$(TEST_HOST)";
				CODE_SIGN_STYLE = Automatic;
				CURRENT_PROJECT_VERSION = 1;
				GENERATE_INFOPLIST_FILE = YES;
				IPHONEOS_DEPLOYMENT_TARGET = 18.4;
				MARKETING_VERSION = 1.0;
				PRODUCT_BUNDLE_IDENTIFIER = com.rockstonegame.clock.PixelClockTests;
				PRODUCT_NAME = "$(TARGET_NAME)";
				SWIFT_EMIT_LOC_STRINGS = NO;
				SWIFT_VERSION = 5.0;
				TARGETED_DEVICE_FAMILY = "1,2";
				TEST_HOST = "$(BUILT_PRODUCTS_DIR)/PixelClock.app/$(BUNDLE_EXECUTABLE_FOLDER_PATH)/PixelClock";
			};
			name = Release;
		};
		D5B3D3F92DB8B7F500A82932 /* Debug */ = {
			isa = XCBuildConfiguration;
			buildSettings = {
				CODE_SIGN_STYLE = Automatic;
				CURRENT_PROJECT_VERSION = 1;
				GENERATE_INFOPLIST_FILE = YES;
				MARKETING_VERSION = 1.0;
				PRODUCT_BUNDLE_IDENTIFIER = com.rockstonegame.clock.PixelClockUITests;
				PRODUCT_NAME = "$(TARGET_NAME)";
				SWIFT_EMIT_LOC_STRINGS = NO;
				SWIFT_VERSION = 5.0;
				TARGETED_DEVICE_FAMILY = "1,2";
				TEST_TARGET_NAME = PixelClock;
			};
			name = Debug;
		};
		D5B3D3FA2DB8B7F500A82932 /* Release */ = {
			isa = XCBuildConfiguration;
			buildSettings = {
				CODE_SIGN_STYLE = Automatic;
				CURRENT_PROJECT_VERSION = 1;
				GENERATE_INFOPLIST_FILE = YES;
				MARKETING_VERSION = 1.0;
				PRODUCT_BUNDLE_IDENTIFIER = com.rockstonegame.clock.PixelClockUITests;
				PRODUCT_NAME = "$(TARGET_NAME)";
				SWIFT_EMIT_LOC_STRINGS = NO;
				SWIFT_VERSION = 5.0;
				TARGETED_DEVICE_FAMILY = "1,2";
				TEST_TARGET_NAME = PixelClock;
			};
			name = Release;
		};
/* End XCBuildConfiguration section */

/* Begin XCConfigurationList section */
		D5B3D3CC2DB8B7F100A82932 /* Build configuration list for PBXProject "PixelClock" */ = {
			isa = XCConfigurationList;
			buildConfigurations = (
				D5B3D3F02DB8B7F500A82932 /* Debug */,
				D5B3D3F12DB8B7F500A82932 /* Release */,
			);
			defaultConfigurationIsVisible = 0;
			defaultConfigurationName = Release;
		};
		D5B3D3F22DB8B7F500A82932 /* Build configuration list for PBXNativeTarget "PixelClock" */ = {
			isa = XCConfigurationList;
			buildConfigurations = (
				D5B3D3F32DB8B7F500A82932 /* Debug */,
				D5B3D3F42DB8B7F500A82932 /* Release */,
			);
			defaultConfigurationIsVisible = 0;
			defaultConfigurationName = Release;
		};
		D5B3D3F52DB8B7F500A82932 /* Build configuration list for PBXNativeTarget "PixelClockTests" */ = {
			isa = XCConfigurationList;
			buildConfigurations = (
				D5B3D3F62DB8B7F500A82932 /* Debug */,
				D5B3D3F72DB8B7F500A82932 /* Release */,
			);
			defaultConfigurationIsVisible = 0;
			defaultConfigurationName = Release;
		};
		D5B3D3F82DB8B7F500A82932 /* Build configuration list for PBXNativeTarget "PixelClockUITests" */ = {
			isa = XCConfigurationList;
			buildConfigurations = (
				D5B3D3F92DB8B7F500A82932 /* Debug */,
				D5B3D3FA2DB8B7F500A82932 /* Release */,
			);
			defaultConfigurationIsVisible = 0;
			defaultConfigurationName = Release;
		};
/* End XCConfigurationList section */
	};
	rootObject = D5B3D3C92DB8B7F100A82932 /* Project object */;
}
